
Microsoft Visual Studio Solution File, Format Version 12.00
# Visual Studio Version 16
VisualStudioVersion = 16.0.31624.102
MinimumVisualStudioVersion = 10.0.40219.1
Project("{8BC9CEB8-8B4A-11D0-8D11-00A0C91BC942}") = "titmouse2d", "titmouse2d\titmouse2d.vcxproj", "{94580D84-0EBE-489D-A109-B2CBFF52D865}"
EndProject
Project("{8BC9CEB8-8B4A-11D0-8D11-00A0C91BC942}") = "EulerianSmoke", "EulerianSmoke\EulerianSmoke.vcxproj", "{5810209A-A99C-4A8E-A6D6-252D2A15FF7A}"
EndProject
Project("{8BC9CEB8-8B4A-11D0-8D11-00A0C91BC942}") = "Apic2d", "Apic2d\Apic2d.vcxproj", "{24D8BE83-CD88-46E6-ACE0-20BE09A3E1CC}"
EndProject
Project("{8BC9CEB8-8B4A-11D0-8D11-00A0C91BC942}") = "Flip2d", "Flip2d\Flip2d.vcxproj", "{42C70694-237F-4BB6-9DDE-806A6E788A42}"
EndProject
Project("{8BC9CEB8-8B4A-11D0-8D11-00A0C91BC942}") = "IISPH2d", "IISPH2d\IISPH2d.vcxproj", "{215751BE-A253-4789-BC86-E46F3A374308}"
EndProject
Project("{8BC9CEB8-8B4A-11D0-8D11-00A0C91BC942}") = "LBM2d", "LBM2d\LBM2d.vcxproj", "{A965889C-C4BD-4752-BBCC-B99C6D6B4105}"
EndProject
Project("{8BC9CEB8-8B4A-11D0-8D11-00A0C91BC942}") = "PBF2d", "PBF2d\PBF2d.vcxproj", "{6C133012-1B2E-41C6-AC71-88290EA10A78}"
EndProject
Project("{8BC9CEB8-8B4A-11D0-8D11-00A0C91BC942}") = "MPM2d", "MPM2d\MPM2d.vcxproj", "{CC4593D3-80C6-40C9-84A2-36847236C03D}"
EndProject
Project("{8BC9CEB8-8B4A-11D0-8D11-00A0C91BC942}") = "Pic2d", "Pic2d\Pic2d.vcxproj", "{16E6DD38-9F4E-4A1F-B80A-C532DAC48BE0}"
EndProject
Project("{8BC9CEB8-8B4A-11D0-8D11-00A0C91BC942}") = "Sph2d", "Sph2d\Sph2d.vcxproj", "{7C00A20C-CA7E-483A-888F-8DCBF5F42E78}"
EndProject
Project("{8BC9CEB8-8B4A-11D0-8D11-00A0C91BC942}") = "LevelSetLiquid2d", "LevelSetLiquid2d\LevelSetLiquid2d.vcxproj", "{E376E2E8-CCD0-4E49-B06E-324E8B7897A1}"
EndProject
Project("{8BC9CEB8-8B4A-11D0-8D11-00A0C91BC942}") = "IterativeSolve", "IterativeSolve\IterativeSolve.vcxproj", "{1556385A-F444-4780-B00C-9E76E378213C}"
EndProject
Project("{8BC9CEB8-8B4A-11D0-8D11-00A0C91BC942}") = "Advection2d", "Advection2d\Advection2d.vcxproj", "{F97D1D6E-E329-4A2F-9FB2-9EC56FB81BBC}"
EndProject
Project("{8BC9CEB8-8B4A-11D0-8D11-00A0C91BC942}") = "FreeFalling2d", "FreeFalling2d\FreeFalling2d.vcxproj", "{5A1CA3D0-2BA0-4AA3-B1E3-FC62B0561DD7}"
EndProject
Project("{8BC9CEB8-8B4A-11D0-8D11-00A0C91BC942}") = "Experiment1", "OpenGL\OpenGL.vcxproj", "{F2DCCE0E-43ED-4F15-B6CB-059C9727FE88}"
EndProject
Project("{8BC9CEB8-8B4A-11D0-8D11-00A0C91BC942}") = "Render2D", "Render2D\Render2D.vcxproj", "{B4F68D3B-7582-4FA0-84C1-4F8298B49FCC}"
EndProject
Project("{8BC9CEB8-8B4A-11D0-8D11-00A0C91BC942}") = "Voronoi2D", "Voronoi2D\Voronoi2D.vcxproj", "{5A279627-5499-4C8F-A542-3CEC9B0C3BA5}"
EndProject
Global
	GlobalSection(SolutionConfigurationPlatforms) = preSolution
		Debug|x64 = Debug|x64
		Debug|x86 = Debug|x86
		Release|x64 = Release|x64
		Release|x86 = Release|x86
	EndGlobalSection
	GlobalSection(ProjectConfigurationPlatforms) = postSolution
		{94580D84-0EBE-489D-A109-B2CBFF52D865}.Debug|x64.ActiveCfg = Debug|x64
		{94580D84-0EBE-489D-A109-B2CBFF52D865}.Debug|x64.Build.0 = Debug|x64
		{94580D84-0EBE-489D-A109-B2CBFF52D865}.Debug|x86.ActiveCfg = Debug|Win32
		{94580D84-0EBE-489D-A109-B2CBFF52D865}.Debug|x86.Build.0 = Debug|Win32
		{94580D84-0EBE-489D-A109-B2CBFF52D865}.Release|x64.ActiveCfg = Release|x64
		{94580D84-0EBE-489D-A109-B2CBFF52D865}.Release|x64.Build.0 = Release|x64
		{94580D84-0EBE-489D-A109-B2CBFF52D865}.Release|x86.ActiveCfg = Release|Win32
		{94580D84-0EBE-489D-A109-B2CBFF52D865}.Release|x86.Build.0 = Release|Win32
		{5810209A-A99C-4A8E-A6D6-252D2A15FF7A}.Debug|x64.ActiveCfg = Debug|x64
		{5810209A-A99C-4A8E-A6D6-252D2A15FF7A}.Debug|x64.Build.0 = Debug|x64
		{5810209A-A99C-4A8E-A6D6-252D2A15FF7A}.Debug|x86.ActiveCfg = Debug|Win32
		{5810209A-A99C-4A8E-A6D6-252D2A15FF7A}.Debug|x86.Build.0 = Debug|Win32
		{5810209A-A99C-4A8E-A6D6-252D2A15FF7A}.Release|x64.ActiveCfg = Release|x64
		{5810209A-A99C-4A8E-A6D6-252D2A15FF7A}.Release|x64.Build.0 = Release|x64
		{5810209A-A99C-4A8E-A6D6-252D2A15FF7A}.Release|x86.ActiveCfg = Release|Win32
		{5810209A-A99C-4A8E-A6D6-252D2A15FF7A}.Release|x86.Build.0 = Release|Win32
		{24D8BE83-CD88-46E6-ACE0-20BE09A3E1CC}.Debug|x64.ActiveCfg = Debug|x64
		{24D8BE83-CD88-46E6-ACE0-20BE09A3E1CC}.Debug|x64.Build.0 = Debug|x64
		{24D8BE83-CD88-46E6-ACE0-20BE09A3E1CC}.Debug|x86.ActiveCfg = Debug|Win32
		{24D8BE83-CD88-46E6-ACE0-20BE09A3E1CC}.Debug|x86.Build.0 = Debug|Win32
		{24D8BE83-CD88-46E6-ACE0-20BE09A3E1CC}.Release|x64.ActiveCfg = Release|x64
		{24D8BE83-CD88-46E6-ACE0-20BE09A3E1CC}.Release|x64.Build.0 = Release|x64
		{24D8BE83-CD88-46E6-ACE0-20BE09A3E1CC}.Release|x86.ActiveCfg = Release|Win32
		{24D8BE83-CD88-46E6-ACE0-20BE09A3E1CC}.Release|x86.Build.0 = Release|Win32
		{42C70694-237F-4BB6-9DDE-806A6E788A42}.Debug|x64.ActiveCfg = Debug|x64
		{42C70694-237F-4BB6-9DDE-806A6E788A42}.Debug|x64.Build.0 = Debug|x64
		{42C70694-237F-4BB6-9DDE-806A6E788A42}.Debug|x86.ActiveCfg = Debug|Win32
		{42C70694-237F-4BB6-9DDE-806A6E788A42}.Debug|x86.Build.0 = Debug|Win32
		{42C70694-237F-4BB6-9DDE-806A6E788A42}.Release|x64.ActiveCfg = Release|x64
		{42C70694-237F-4BB6-9DDE-806A6E788A42}.Release|x64.Build.0 = Release|x64
		{42C70694-237F-4BB6-9DDE-806A6E788A42}.Release|x86.ActiveCfg = Release|Win32
		{42C70694-237F-4BB6-9DDE-806A6E788A42}.Release|x86.Build.0 = Release|Win32
		{215751BE-A253-4789-BC86-E46F3A374308}.Debug|x64.ActiveCfg = Debug|x64
		{215751BE-A253-4789-BC86-E46F3A374308}.Debug|x64.Build.0 = Debug|x64
		{215751BE-A253-4789-BC86-E46F3A374308}.Debug|x86.ActiveCfg = Debug|Win32
		{215751BE-A253-4789-BC86-E46F3A374308}.Debug|x86.Build.0 = Debug|Win32
		{215751BE-A253-4789-BC86-E46F3A374308}.Release|x64.ActiveCfg = Release|x64
		{215751BE-A253-4789-BC86-E46F3A374308}.Release|x64.Build.0 = Release|x64
		{215751BE-A253-4789-BC86-E46F3A374308}.Release|x86.ActiveCfg = Release|Win32
		{215751BE-A253-4789-BC86-E46F3A374308}.Release|x86.Build.0 = Release|Win32
		{A965889C-C4BD-4752-BBCC-B99C6D6B4105}.Debug|x64.ActiveCfg = Debug|x64
		{A965889C-C4BD-4752-BBCC-B99C6D6B4105}.Debug|x64.Build.0 = Debug|x64
		{A965889C-C4BD-4752-BBCC-B99C6D6B4105}.Debug|x86.ActiveCfg = Debug|Win32
		{A965889C-C4BD-4752-BBCC-B99C6D6B4105}.Debug|x86.Build.0 = Debug|Win32
		{A965889C-C4BD-4752-BBCC-B99C6D6B4105}.Release|x64.ActiveCfg = Release|x64
		{A965889C-C4BD-4752-BBCC-B99C6D6B4105}.Release|x64.Build.0 = Release|x64
		{A965889C-C4BD-4752-BBCC-B99C6D6B4105}.Release|x86.ActiveCfg = Release|Win32
		{A965889C-C4BD-4752-BBCC-B99C6D6B4105}.Release|x86.Build.0 = Release|Win32
		{6C133012-1B2E-41C6-AC71-88290EA10A78}.Debug|x64.ActiveCfg = Debug|x64
		{6C133012-1B2E-41C6-AC71-88290EA10A78}.Debug|x64.Build.0 = Debug|x64
		{6C133012-1B2E-41C6-AC71-88290EA10A78}.Debug|x86.ActiveCfg = Debug|Win32
		{6C133012-1B2E-41C6-AC71-88290EA10A78}.Debug|x86.Build.0 = Debug|Win32
		{6C133012-1B2E-41C6-AC71-88290EA10A78}.Release|x64.ActiveCfg = Release|x64
		{6C133012-1B2E-41C6-AC71-88290EA10A78}.Release|x64.Build.0 = Release|x64
		{6C133012-1B2E-41C6-AC71-88290EA10A78}.Release|x86.ActiveCfg = Release|Win32
		{6C133012-1B2E-41C6-AC71-88290EA10A78}.Release|x86.Build.0 = Release|Win32
		{CC4593D3-80C6-40C9-84A2-36847236C03D}.Debug|x64.ActiveCfg = Debug|x64
		{CC4593D3-80C6-40C9-84A2-36847236C03D}.Debug|x64.Build.0 = Debug|x64
		{CC4593D3-80C6-40C9-84A2-36847236C03D}.Debug|x86.ActiveCfg = Debug|Win32
		{CC4593D3-80C6-40C9-84A2-36847236C03D}.Debug|x86.Build.0 = Debug|Win32
		{CC4593D3-80C6-40C9-84A2-36847236C03D}.Release|x64.ActiveCfg = Release|x64
		{CC4593D3-80C6-40C9-84A2-36847236C03D}.Release|x64.Build.0 = Release|x64
		{CC4593D3-80C6-40C9-84A2-36847236C03D}.Release|x86.ActiveCfg = Release|Win32
		{CC4593D3-80C6-40C9-84A2-36847236C03D}.Release|x86.Build.0 = Release|Win32
		{16E6DD38-9F4E-4A1F-B80A-C532DAC48BE0}.Debug|x64.ActiveCfg = Debug|x64
		{16E6DD38-9F4E-4A1F-B80A-C532DAC48BE0}.Debug|x64.Build.0 = Debug|x64
		{16E6DD38-9F4E-4A1F-B80A-C532DAC48BE0}.Debug|x86.ActiveCfg = Debug|Win32
		{16E6DD38-9F4E-4A1F-B80A-C532DAC48BE0}.Debug|x86.Build.0 = Debug|Win32
		{16E6DD38-9F4E-4A1F-B80A-C532DAC48BE0}.Release|x64.ActiveCfg = Release|x64
		{16E6DD38-9F4E-4A1F-B80A-C532DAC48BE0}.Release|x64.Build.0 = Release|x64
		{16E6DD38-9F4E-4A1F-B80A-C532DAC48BE0}.Release|x86.ActiveCfg = Release|Win32
		{16E6DD38-9F4E-4A1F-B80A-C532DAC48BE0}.Release|x86.Build.0 = Release|Win32
		{7C00A20C-CA7E-483A-888F-8DCBF5F42E78}.Debug|x64.ActiveCfg = Debug|x64
		{7C00A20C-CA7E-483A-888F-8DCBF5F42E78}.Debug|x64.Build.0 = Debug|x64
		{7C00A20C-CA7E-483A-888F-8DCBF5F42E78}.Debug|x86.ActiveCfg = Debug|Win32
		{7C00A20C-CA7E-483A-888F-8DCBF5F42E78}.Debug|x86.Build.0 = Debug|Win32
		{7C00A20C-CA7E-483A-888F-8DCBF5F42E78}.Release|x64.ActiveCfg = Release|x64
		{7C00A20C-CA7E-483A-888F-8DCBF5F42E78}.Release|x64.Build.0 = Release|x64
		{7C00A20C-CA7E-483A-888F-8DCBF5F42E78}.Release|x86.ActiveCfg = Release|Win32
		{7C00A20C-CA7E-483A-888F-8DCBF5F42E78}.Release|x86.Build.0 = Release|Win32
		{E376E2E8-CCD0-4E49-B06E-324E8B7897A1}.Debug|x64.ActiveCfg = Debug|x64
		{E376E2E8-CCD0-4E49-B06E-324E8B7897A1}.Debug|x64.Build.0 = Debug|x64
		{E376E2E8-CCD0-4E49-B06E-324E8B7897A1}.Debug|x86.ActiveCfg = Debug|Win32
		{E376E2E8-CCD0-4E49-B06E-324E8B7897A1}.Debug|x86.Build.0 = Debug|Win32
		{E376E2E8-CCD0-4E49-B06E-324E8B7897A1}.Release|x64.ActiveCfg = Release|x64
		{E376E2E8-CCD0-4E49-B06E-324E8B7897A1}.Release|x64.Build.0 = Release|x64
		{E376E2E8-CCD0-4E49-B06E-324E8B7897A1}.Release|x86.ActiveCfg = Release|Win32
		{E376E2E8-CCD0-4E49-B06E-324E8B7897A1}.Release|x86.Build.0 = Release|Win32
		{1556385A-F444-4780-B00C-9E76E378213C}.Debug|x64.ActiveCfg = Debug|x64
		{1556385A-F444-4780-B00C-9E76E378213C}.Debug|x64.Build.0 = Debug|x64
		{1556385A-F444-4780-B00C-9E76E378213C}.Debug|x86.ActiveCfg = Debug|Win32
		{1556385A-F444-4780-B00C-9E76E378213C}.Debug|x86.Build.0 = Debug|Win32
		{1556385A-F444-4780-B00C-9E76E378213C}.Release|x64.ActiveCfg = Release|x64
		{1556385A-F444-4780-B00C-9E76E378213C}.Release|x64.Build.0 = Release|x64
		{1556385A-F444-4780-B00C-9E76E378213C}.Release|x86.ActiveCfg = Release|Win32
		{1556385A-F444-4780-B00C-9E76E378213C}.Release|x86.Build.0 = Release|Win32
		{F97D1D6E-E329-4A2F-9FB2-9EC56FB81BBC}.Debug|x64.ActiveCfg = Debug|x64
		{F97D1D6E-E329-4A2F-9FB2-9EC56FB81BBC}.Debug|x64.Build.0 = Debug|x64
		{F97D1D6E-E329-4A2F-9FB2-9EC56FB81BBC}.Debug|x86.ActiveCfg = Debug|Win32
		{F97D1D6E-E329-4A2F-9FB2-9EC56FB81BBC}.Debug|x86.Build.0 = Debug|Win32
		{F97D1D6E-E329-4A2F-9FB2-9EC56FB81BBC}.Release|x64.ActiveCfg = Release|x64
		{F97D1D6E-E329-4A2F-9FB2-9EC56FB81BBC}.Release|x64.Build.0 = Release|x64
		{F97D1D6E-E329-4A2F-9FB2-9EC56FB81BBC}.Release|x86.ActiveCfg = Release|Win32
		{F97D1D6E-E329-4A2F-9FB2-9EC56FB81BBC}.Release|x86.Build.0 = Release|Win32
		{5A1CA3D0-2BA0-4AA3-B1E3-FC62B0561DD7}.Debug|x64.ActiveCfg = Debug|x64
		{5A1CA3D0-2BA0-4AA3-B1E3-FC62B0561DD7}.Debug|x64.Build.0 = Debug|x64
		{5A1CA3D0-2BA0-4AA3-B1E3-FC62B0561DD7}.Debug|x86.ActiveCfg = Debug|Win32
		{5A1CA3D0-2BA0-4AA3-B1E3-FC62B0561DD7}.Debug|x86.Build.0 = Debug|Win32
		{5A1CA3D0-2BA0-4AA3-B1E3-FC62B0561DD7}.Release|x64.ActiveCfg = Release|x64
		{5A1CA3D0-2BA0-4AA3-B1E3-FC62B0561DD7}.Release|x64.Build.0 = Release|x64
		{5A1CA3D0-2BA0-4AA3-B1E3-FC62B0561DD7}.Release|x86.ActiveCfg = Release|Win32
		{5A1CA3D0-2BA0-4AA3-B1E3-FC62B0561DD7}.Release|x86.Build.0 = Release|Win32
		{F2DCCE0E-43ED-4F15-B6CB-059C9727FE88}.Debug|x64.ActiveCfg = Debug|x64
		{F2DCCE0E-43ED-4F15-B6CB-059C9727FE88}.Debug|x64.Build.0 = Debug|x64
		{F2DCCE0E-43ED-4F15-B6CB-059C9727FE88}.Debug|x86.ActiveCfg = Debug|Win32
		{F2DCCE0E-43ED-4F15-B6CB-059C9727FE88}.Debug|x86.Build.0 = Debug|Win32
		{F2DCCE0E-43ED-4F15-B6CB-059C9727FE88}.Release|x64.ActiveCfg = Release|x64
		{F2DCCE0E-43ED-4F15-B6CB-059C9727FE88}.Release|x64.Build.0 = Release|x64
		{F2DCCE0E-43ED-4F15-B6CB-059C9727FE88}.Release|x86.ActiveCfg = Release|Win32
		{F2DCCE0E-43ED-4F15-B6CB-059C9727FE88}.Release|x86.Build.0 = Release|Win32
		{B4F68D3B-7582-4FA0-84C1-4F8298B49FCC}.Debug|x64.ActiveCfg = Debug|x64
		{B4F68D3B-7582-4FA0-84C1-4F8298B49FCC}.Debug|x64.Build.0 = Debug|x64
		{B4F68D3B-7582-4FA0-84C1-4F8298B49FCC}.Debug|x86.ActiveCfg = Debug|Win32
		{B4F68D3B-7582-4FA0-84C1-4F8298B49FCC}.Debug|x86.Build.0 = Debug|Win32
		{B4F68D3B-7582-4FA0-84C1-4F8298B49FCC}.Release|x64.ActiveCfg = Release|x64
		{B4F68D3B-7582-4FA0-84C1-4F8298B49FCC}.Release|x64.Build.0 = Release|x64
		{B4F68D3B-7582-4FA0-84C1-4F8298B49FCC}.Release|x86.ActiveCfg = Release|Win32
		{B4F68D3B-7582-4FA0-84C1-4F8298B49FCC}.Release|x86.Build.0 = Release|Win32
		{5A279627-5499-4C8F-A542-3CEC9B0C3BA5}.Debug|x64.ActiveCfg = Debug|x64
		{5A279627-5499-4C8F-A542-3CEC9B0C3BA5}.Debug|x64.Build.0 = Debug|x64
		{5A279627-5499-4C8F-A542-3CEC9B0C3BA5}.Debug|x86.ActiveCfg = Debug|Win32
		{5A279627-5499-4C8F-A542-3CEC9B0C3BA5}.Debug|x86.Build.0 = Debug|Win32
		{5A279627-5499-4C8F-A542-3CEC9B0C3BA5}.Release|x64.ActiveCfg = Release|x64
		{5A279627-5499-4C8F-A542-3CEC9B0C3BA5}.Release|x64.Build.0 = Release|x64
		{5A279627-5499-4C8F-A542-3CEC9B0C3BA5}.Release|x86.ActiveCfg = Release|Win32
		{5A279627-5499-4C8F-A542-3CEC9B0C3BA5}.Release|x86.Build.0 = Release|Win32
	EndGlobalSection
	GlobalSection(SolutionProperties) = preSolution
		HideSolutionNode = FALSE
	EndGlobalSection
	GlobalSection(ExtensibilityGlobals) = postSolution
		SolutionGuid = {7877EA64-5034-4428-A7FA-50C6D7BFACAA}
	EndGlobalSection
EndGlobal
