<?xml version="1.0" encoding="utf-8"?>
<Project ToolsVersion="4.0" xmlns="http://schemas.microsoft.com/developer/msbuild/2003">
  <ItemGroup>
    <Filter Include="源文件">
      <UniqueIdentifier>{4FC737F1-C7A5-4376-A066-2A32D752A2FF}</UniqueIdentifier>
      <Extensions>cpp;c;cc;cxx;c++;cppm;ixx;def;odl;idl;hpj;bat;asm;asmx</Extensions>
    </Filter>
    <Filter Include="头文件">
      <UniqueIdentifier>{93995380-89BD-4b04-88EB-625FBE52EBFB}</UniqueIdentifier>
      <Extensions>h;hh;hpp;hxx;h++;hm;inl;inc;ipp;xsd</Extensions>
    </Filter>
    <Filter Include="资源文件">
      <UniqueIdentifier>{67DA6AB6-F800-4c08-8B7A-83BB121AAD01}</UniqueIdentifier>
      <Extensions>rc;ico;cur;bmp;dlg;rc2;rct;bin;rgs;gif;jpg;jpeg;jpe;resx;tiff;tif;png;wav;mfcribbon-ms</Extensions>
    </Filter>
  </ItemGroup>
  <ItemGroup>
    <ClCompile Include="src\main.cpp">
      <Filter>源文件</Filter>
    </ClCompile>
    <ClCompile Include="src\Size2.cpp">
      <Filter>源文件</Filter>
    </ClCompile>
    <ClCompile Include="src\Lagrangian\NeighborSearcher2.cpp">
      <Filter>源文件</Filter>
    </ClCompile>
    <ClCompile Include="src\Lagrangian\ParticleSystemData2.cpp">
      <Filter>源文件</Filter>
    </ClCompile>
    <ClCompile Include="src\Lagrangian\ParticleSystemSolver2.cpp">
      <Filter>源文件</Filter>
    </ClCompile>
    <ClCompile Include="src\Eulerian\fdm_utils.hpp">
      <Filter>源文件</Filter>
    </ClCompile>
    <ClCompile Include="src\Eulerian\VertexCenteredScalarGrid2.cpp">
      <Filter>源文件</Filter>
    </ClCompile>
    <ClCompile Include="src\Eulerian\ScalarGrid2.cpp">
      <Filter>源文件</Filter>
    </ClCompile>
    <ClCompile Include="src\Eulerian\ScalarField2.cpp">
      <Filter>源文件</Filter>
    </ClCompile>
    <ClCompile Include="src\Eulerian\CellCenteredScalarGrid2.cpp">
      <Filter>源文件</Filter>
    </ClCompile>
    <ClCompile Include="src\Eulerian\Field2.cpp">
      <Filter>源文件</Filter>
    </ClCompile>
    <ClCompile Include="src\Eulerian\Grid2.cpp">
      <Filter>源文件</Filter>
    </ClCompile>
    <ClCompile Include="src\Eulerian\MarchingCubes2.cpp">
      <Filter>源文件</Filter>
    </ClCompile>
    <ClCompile Include="src\Eulerian\FaceCenteredGrid2.cpp">
      <Filter>源文件</Filter>
    </ClCompile>
    <ClCompile Include="src\Hybrid\PicSolver2.cpp">
      <Filter>源文件</Filter>
    </ClCompile>
    <ClCompile Include="src\Eulerian\GridFluidSolver2.cpp">
      <Filter>源文件</Filter>
    </ClCompile>
    <ClCompile Include="src\Eulerian\GridSystemData2.cpp">
      <Filter>源文件</Filter>
    </ClCompile>
    <ClCompile Include="src\boundingbox2.cpp">
      <Filter>源文件</Filter>
    </ClCompile>
    <ClCompile Include="src\Geometry\Surface2.cpp">
      <Filter>源文件</Filter>
    </ClCompile>
    <ClCompile Include="src\Geometry\ExplicitSurface2.cpp">
      <Filter>源文件</Filter>
    </ClCompile>
    <ClCompile Include="src\Geometry\Box2.cpp">
      <Filter>源文件</Filter>
    </ClCompile>
    <ClCompile Include="src\Collider2.cpp">
      <Filter>源文件</Filter>
    </ClCompile>
    <ClCompile Include="src\ColliderSet2.cpp">
      <Filter>源文件</Filter>
    </ClCompile>
    <ClCompile Include="src\Geometry\Plane2.cpp">
      <Filter>源文件</Filter>
    </ClCompile>
    <ClCompile Include="src\Hybrid\FlipSolver2.cpp">
      <Filter>源文件</Filter>
    </ClCompile>
    <ClCompile Include="src\Eulerian\SimplePressureSolver2.cpp">
      <Filter>源文件</Filter>
    </ClCompile>
    <ClCompile Include="src\Eulerian\SimpleDiffuseSolver2.cpp">
      <Filter>源文件</Filter>
    </ClCompile>
    <ClCompile Include="src\Eulerian\AdvectionSolver2.cpp">
      <Filter>源文件</Filter>
    </ClCompile>
    <ClCompile Include="src\Geometry\ImplicitSurface2.cpp">
      <Filter>源文件</Filter>
    </ClCompile>
    <ClCompile Include="src\Geometry\Ray2.cpp">
      <Filter>源文件</Filter>
    </ClCompile>
    <ClCompile Include="src\Geometry\Sphere2.cpp">
      <Filter>源文件</Filter>
    </ClCompile>
    <ClCompile Include="src\Eulerian\SimpleLevelSetSolver2.cpp">
      <Filter>源文件</Filter>
    </ClCompile>
    <ClCompile Include="src\Numerical\Pde.hpp">
      <Filter>源文件</Filter>
    </ClCompile>
    <ClCompile Include="src\Eulerian\LevelSetLiquidSolver2.cpp">
      <Filter>源文件</Filter>
    </ClCompile>
    <ClCompile Include="src\Lagrangian\SphSystemData2.cpp">
      <Filter>源文件</Filter>
    </ClCompile>
    <ClCompile Include="src\Lagrangian\SphSystemSolver2.cpp">
      <Filter>源文件</Filter>
    </ClCompile>
    <ClCompile Include="src\Lagrangian\VortexParticleSystemData2.cpp">
      <Filter>源文件</Filter>
    </ClCompile>
    <ClCompile Include="src\Lagrangian\VortexParticleSystemSolver2.cpp">
      <Filter>源文件</Filter>
    </ClCompile>
    <ClCompile Include="src\OtherMethod\LBM\LBMData2.h">
      <Filter>源文件</Filter>
    </ClCompile>
    <ClCompile Include="src\OtherMethod\LBM\LBMSolver2.cpp">
      <Filter>源文件</Filter>
    </ClCompile>
    <ClCompile Include="src\OtherMethod\PBF\PBFSolver2.cpp">
      <Filter>源文件</Filter>
    </ClCompile>
    <ClCompile Include="src\OtherMethod\IISPH\IISPHSolver2.cpp">
      <Filter>源文件</Filter>
    </ClCompile>
    <ClCompile Include="src\Hybrid\ApicSolver2.cpp">
      <Filter>源文件</Filter>
    </ClCompile>
    <ClCompile Include="src\OtherMethod\MPM\MPMSolver2.cpp">
      <Filter>源文件</Filter>
    </ClCompile>
    <ClCompile Include="src\Eulerian\EulerianSmoke\EulerianSmokeSolver2.cpp">
      <Filter>源文件</Filter>
    </ClCompile>
    <ClCompile Include="src\Geometry\Heart2.cpp">
      <Filter>源文件</Filter>
    </ClCompile>
    <ClCompile Include="src\OtherMethod\SWE\ShallowWaveSolver2.cpp">
      <Filter>源文件</Filter>
    </ClCompile>
    <ClCompile Include="src\Matrix3x3.hpp">
      <Filter>源文件</Filter>
    </ClCompile>
    <ClCompile Include="src\Geometry\RegularPolygon.cpp">
      <Filter>源文件</Filter>
    </ClCompile>
  </ItemGroup>
  <ItemGroup>
    <ClInclude Include="src\Vector2.hpp">
      <Filter>头文件</Filter>
    </ClInclude>
    <ClInclude Include="src\Array.hpp">
      <Filter>头文件</Filter>
    </ClInclude>
    <ClInclude Include="src\Size2.h">
      <Filter>头文件</Filter>
    </ClInclude>
    <ClInclude Include="src\Lagrangian\ParticleSystemData2.h">
      <Filter>头文件</Filter>
    </ClInclude>
    <ClInclude Include="src\Lagrangian\NeighborSearcher2.h">
      <Filter>头文件</Filter>
    </ClInclude>
    <ClInclude Include="src\ConstVar.h">
      <Filter>头文件</Filter>
    </ClInclude>
    <ClInclude Include="src\Lagrangian\ParticleSystemSolver2.h">
      <Filter>头文件</Filter>
    </ClInclude>
    <ClInclude Include="src\DenseMatrix.hpp">
      <Filter>头文件</Filter>
    </ClInclude>
    <ClInclude Include="src\VectorN.hpp">
      <Filter>头文件</Filter>
    </ClInclude>
    <ClInclude Include="src\SparseMatrix.hpp">
      <Filter>头文件</Filter>
    </ClInclude>
    <ClInclude Include="src\Matrix.hpp">
      <Filter>头文件</Filter>
    </ClInclude>
    <ClInclude Include="src\LinearSystem\IterativeSystemSolver.hpp">
      <Filter>头文件</Filter>
    </ClInclude>
    <ClInclude Include="src\LinearSystem\JacobiSolver.hpp">
      <Filter>头文件</Filter>
    </ClInclude>
    <ClInclude Include="src\LinearSystem\GaussSeidelSolver.hpp">
      <Filter>头文件</Filter>
    </ClInclude>
    <ClInclude Include="src\LinearSystem\SteepestDescentSolver.hpp">
      <Filter>头文件</Filter>
    </ClInclude>
    <ClInclude Include="src\LinearSystem\ConjugateGradientSolver.hpp">
      <Filter>头文件</Filter>
    </ClInclude>
    <ClInclude Include="src\LinearSystem\PreConjugateGradientSolver.hpp">
      <Filter>头文件</Filter>
    </ClInclude>
    <ClInclude Include="src\LinearSystem\MICCGSolver.hpp">
      <Filter>头文件</Filter>
    </ClInclude>
    <ClInclude Include="src\LinearSystem\SORsolver.hpp">
      <Filter>头文件</Filter>
    </ClInclude>
    <ClInclude Include="src\Eulerian\Grid2.h">
      <Filter>头文件</Filter>
    </ClInclude>
    <ClInclude Include="src\Eulerian\Field2.h">
      <Filter>头文件</Filter>
    </ClInclude>
    <ClInclude Include="src\Eulerian\ScalarField2.h">
      <Filter>头文件</Filter>
    </ClInclude>
    <ClInclude Include="src\Eulerian\ScalarGrid2.h">
      <Filter>头文件</Filter>
    </ClInclude>
    <ClInclude Include="src\Eulerian\CellCenteredScalarGrid2.h">
      <Filter>头文件</Filter>
    </ClInclude>
    <ClInclude Include="src\Eulerian\VertexCenteredScalarGrid2.h">
      <Filter>头文件</Filter>
    </ClInclude>
    <ClInclude Include="src\Eulerian\MarchingCubes2.h">
      <Filter>头文件</Filter>
    </ClInclude>
    <ClInclude Include="src\MathUtils.hpp">
      <Filter>头文件</Filter>
    </ClInclude>
    <ClInclude Include="src\Eulerian\MarchingCubesTable2.h">
      <Filter>头文件</Filter>
    </ClInclude>
    <ClInclude Include="src\Array2.hpp">
      <Filter>头文件</Filter>
    </ClInclude>
    <ClInclude Include="src\Eulerian\VectorField2.hpp">
      <Filter>头文件</Filter>
    </ClInclude>
    <ClInclude Include="src\Eulerian\VectorGrid2.hpp">
      <Filter>头文件</Filter>
    </ClInclude>
    <ClInclude Include="src\Eulerian\FaceCenteredGrid2.h">
      <Filter>头文件</Filter>
    </ClInclude>
    <ClInclude Include="src\Eulerian\ArraySampler2.hpp">
      <Filter>头文件</Filter>
    </ClInclude>
    <ClInclude Include="src\Hybrid\PicSolver2.h">
      <Filter>头文件</Filter>
    </ClInclude>
    <ClInclude Include="src\Eulerian\GridFluidSolver2.h">
      <Filter>头文件</Filter>
    </ClInclude>
    <ClInclude Include="src\Eulerian\GridSystemData2.h">
      <Filter>头文件</Filter>
    </ClInclude>
    <ClInclude Include="src\boundingbox2.h">
      <Filter>头文件</Filter>
    </ClInclude>
    <ClInclude Include="src\Collider2.h">
      <Filter>头文件</Filter>
    </ClInclude>
    <ClInclude Include="src\Geometry\Surface2.h">
      <Filter>头文件</Filter>
    </ClInclude>
    <ClInclude Include="src\Geometry\ExplicitSurface2.h">
      <Filter>头文件</Filter>
    </ClInclude>
    <ClInclude Include="src\Geometry\Box2.h">
      <Filter>头文件</Filter>
    </ClInclude>
    <ClInclude Include="src\ColliderSet2.h">
      <Filter>头文件</Filter>
    </ClInclude>
    <ClInclude Include="src\Geometry\Plane2.h">
      <Filter>头文件</Filter>
    </ClInclude>
    <ClInclude Include="src\Hybrid\FlipSolver2.h">
      <Filter>头文件</Filter>
    </ClInclude>
    <ClInclude Include="src\Eulerian\SimplePressureSolver2.h">
      <Filter>头文件</Filter>
    </ClInclude>
    <ClInclude Include="src\Eulerian\SimpleDiffuseSolver2.h">
      <Filter>头文件</Filter>
    </ClInclude>
    <ClInclude Include="src\Eulerian\AdvectionSolver2.h">
      <Filter>头文件</Filter>
    </ClInclude>
    <ClInclude Include="src\Color3.hpp">
      <Filter>头文件</Filter>
    </ClInclude>
    <ClInclude Include="src\Eulerian\CollocatedVectorGrid2.hpp">
      <Filter>头文件</Filter>
    </ClInclude>
    <ClInclude Include="src\Eulerian\CellCenteredVectorGrid2.hpp">
      <Filter>头文件</Filter>
    </ClInclude>
    <ClInclude Include="src\Geometry\ImplicitSurface2.h">
      <Filter>头文件</Filter>
    </ClInclude>
    <ClInclude Include="src\Geometry\Sphere2.h">
      <Filter>头文件</Filter>
    </ClInclude>
    <ClInclude Include="src\Geometry\Ray2.h">
      <Filter>头文件</Filter>
    </ClInclude>
    <ClInclude Include="src\Eulerian\SimpleLevelSetSolver2.h">
      <Filter>头文件</Filter>
    </ClInclude>
    <ClInclude Include="src\Eulerian\LevelSetLiquidSolver2.h">
      <Filter>头文件</Filter>
    </ClInclude>
    <ClInclude Include="src\ArrayUtils.hpp">
      <Filter>头文件</Filter>
    </ClInclude>
    <ClInclude Include="src\Eulerian\sdf_utils.h">
      <Filter>头文件</Filter>
    </ClInclude>
    <ClInclude Include="src\Lagrangian\SphSystemData2.h">
      <Filter>头文件</Filter>
    </ClInclude>
    <ClInclude Include="src\Lagrangian\SphStdKernel2.h">
      <Filter>头文件</Filter>
    </ClInclude>
    <ClInclude Include="src\Lagrangian\SphSpikyKernel2.h">
      <Filter>头文件</Filter>
    </ClInclude>
    <ClInclude Include="src\Lagrangian\SphSystemSolver2.h">
      <Filter>头文件</Filter>
    </ClInclude>
    <ClInclude Include="src\Lagrangian\VortexParticleSystemData2.h">
      <Filter>头文件</Filter>
    </ClInclude>
    <ClInclude Include="src\Lagrangian\VortexParticleSystemSolver2.h">
      <Filter>头文件</Filter>
    </ClInclude>
    <ClInclude Include="src\random.h">
      <Filter>头文件</Filter>
    </ClInclude>
    <ClInclude Include="src\OtherMethod\LBM\LBMSolver2.h">
      <Filter>头文件</Filter>
    </ClInclude>
    <ClInclude Include="src\OtherMethod\LBM\LBM_TurbulenceModel.h">
      <Filter>头文件</Filter>
    </ClInclude>
    <ClInclude Include="src\OtherMethod\PBF\PBFSolver2.h">
      <Filter>头文件</Filter>
    </ClInclude>
    <ClInclude Include="src\OtherMethod\PBF\PBFData2.h">
      <Filter>头文件</Filter>
    </ClInclude>
    <ClInclude Include="src\Lagrangian\SphPoly6Kernel2.h">
      <Filter>头文件</Filter>
    </ClInclude>
    <ClInclude Include="src\Hybrid\ApicSolver2.h">
      <Filter>头文件</Filter>
    </ClInclude>
    <ClInclude Include="src\OtherMethod\MPM\MPMSolver2.h">
      <Filter>头文件</Filter>
    </ClInclude>
    <ClInclude Include="src\OtherMethod\IISPH\IISPHSolver2.h">
      <Filter>头文件</Filter>
    </ClInclude>
    <ClInclude Include="src\TempMovingCollider2.h">
      <Filter>头文件</Filter>
    </ClInclude>
    <ClInclude Include="src\OtherMethod\PCISPH\PCISPHSolver2.h">
      <Filter>头文件</Filter>
    </ClInclude>
    <ClInclude Include="src\OtherMethod\IISPH\IISPHData2.h">
      <Filter>头文件</Filter>
    </ClInclude>
    <ClInclude Include="src\Lagrangian\SphM4SplineKernel2.h">
      <Filter>头文件</Filter>
    </ClInclude>
    <ClInclude Include="src\Matrix2x2.hpp">
      <Filter>头文件</Filter>
    </ClInclude>
    <ClInclude Include="src\OtherMethod\MPM\MPMData2.h">
      <Filter>头文件</Filter>
    </ClInclude>
    <ClInclude Include="src\Eulerian\EulerianSmoke\EulerianSmokeSolver2.h">
      <Filter>头文件</Filter>
    </ClInclude>
    <ClInclude Include="src\Eulerian\EulerianSmoke\EulerianSmokeGridData2.h">
      <Filter>头文件</Filter>
    </ClInclude>
    <ClInclude Include="src\LinearSystem\RelaxedJacobiSolver.hpp">
      <Filter>头文件</Filter>
    </ClInclude>
    <ClInclude Include="src\Geometry\Heart2.h">
      <Filter>头文件</Filter>
    </ClInclude>
    <ClInclude Include="src\OtherMethod\SWE\ShallowWaveData2.h">
      <Filter>头文件</Filter>
    </ClInclude>
    <ClInclude Include="src\OtherMethod\SWE\ShallowWaveSolver2.h">
      <Filter>头文件</Filter>
    </ClInclude>
    <ClInclude Include="src\Vector3.hpp">
      <Filter>头文件</Filter>
    </ClInclude>
    <ClInclude Include="src\LinearSystem\DirectSolver.hpp">
      <Filter>头文件</Filter>
    </ClInclude>
    <ClInclude Include="src\LinearSystem\GaussianElimSolver.hpp">
      <Filter>头文件</Filter>
    </ClInclude>
    <ClInclude Include="src\Geometry\RegularPolygon.h">
      <Filter>头文件</Filter>
    </ClInclude>
    <ClInclude Include="src\Timer.h">
      <Filter>头文件</Filter>
    </ClInclude>
    <ClInclude Include="src\mesh\objout.hpp">
      <Filter>头文件</Filter>
    </ClInclude>
    <ClInclude Include="src\mesh\Plyout.h">
      <Filter>头文件</Filter>
    </ClInclude>
  </ItemGroup>
</Project>